<?xml version="1.0" encoding="utf-8"?>
<Project ToolsVersion="4.0" xmlns="http://schemas.microsoft.com/developer/msbuild/2003">
  <ItemGroup>
    <ClCompile Include="main.cpp" />
    <ClCompile Include="..\..\ModelingEngine\ModelingEngine\ModelingEngine\Libraries\glad\src\glad.c">
      <Filter>Libraries\glad\src</Filter>
    </ClCompile>
    <ClCompile Include="..\..\ModelingEngine\ModelingEngine\ModelingEngine\Libraries\tinyfiledialogs\tinyfiledialogs.c">
      <Filter>Libraries\tinyfiledialogs</Filter>
    </ClCompile>
    <ClCompile Include="Application\ApplicationManager.cpp">
      <Filter>Application</Filter>
    </ClCompile>
    <ClCompile Include="Application\GlfwWindow.cpp">
      <Filter>Application</Filter>
    </ClCompile>
    <ClCompile Include="Application\WindowManager.cpp">
      <Filter>Application</Filter>
    </ClCompile>
    <ClCompile Include="Libraries\imgui-docking\backends\imgui_impl_glfw.cpp">
      <Filter>Libraries\imgui\backends</Filter>
    </ClCompile>
    <ClCompile Include="Libraries\imgui-docking\backends\imgui_impl_opengl3.cpp">
      <Filter>Libraries\imgui\backends</Filter>
    </ClCompile>
    <ClCompile Include="Libraries\imgui-docking\misc\cpp\imgui_stdlib.cpp">
      <Filter>Libraries\imgui\misc\cpp</Filter>
    </ClCompile>
    <ClCompile Include="Libraries\imgui-docking\imgui.cpp">
      <Filter>Libraries\imgui</Filter>
    </ClCompile>
    <ClCompile Include="Libraries\imgui-docking\imgui_demo.cpp">
      <Filter>Libraries\imgui</Filter>
    </ClCompile>
    <ClCompile Include="Libraries\imgui-docking\imgui_draw.cpp">
      <Filter>Libraries\imgui</Filter>
    </ClCompile>
    <ClCompile Include="Libraries\imgui-docking\imgui_tables.cpp">
      <Filter>Libraries\imgui</Filter>
    </ClCompile>
    <ClCompile Include="Libraries\imgui-docking\imgui_widgets.cpp">
      <Filter>Libraries\imgui</Filter>
    </ClCompile>
    <ClCompile Include="Application\Window\HierarchyWindow.cpp">
      <Filter>Application\Window</Filter>
    </ClCompile>
    <ClCompile Include="Application\Window\InspectorWindow.cpp">
      <Filter>Application\Window</Filter>
    </ClCompile>
    <ClCompile Include="Application\Window\SceneViewWindow.cpp">
      <Filter>Application\Window</Filter>
    </ClCompile>
    <ClCompile Include="Application\InputManager.cpp" />
    <ClCompile Include="Application\Window\SceneViewCamera.cpp" />
    <ClCompile Include="Libraries\catch\catch_amalgamated.cpp" />
    <ClCompile Include="OpenGLHelpers\OpenGLLightContainer.cpp" />
    <ClCompile Include="OpenGLHelpers\OpenGLRenderer.cpp" />
    <ClCompile Include="OpenGLHelpers\OpenGLShader.cpp" />
    <ClCompile Include="Scene\Components\OpenGLSettingsComponent.cpp" />
    <ClCompile Include="Scene\Components\DirectionalLightComponent.cpp" />
    <ClCompile Include="Scene\Components\MaterialComponent.cpp" />
    <ClCompile Include="Scene\Components\PointLightComponent.cpp" />
    <ClCompile Include="Scene\Components\PrimitiveComponent.cpp" />
    <ClCompile Include="Scene\Components\SpotLightComponent.cpp" />
    <ClCompile Include="Scene\Components\TransformComponent.cpp" />
    <ClCompile Include="Scene\Object.cpp" />
    <ClCompile Include="Scene\SceneHierarchy.cpp" />
    <ClCompile Include="Scene\SceneNode\SceneNode.cpp" />
    <ClCompile Include="Scene\SceneNode\SceneNodeGenerator.cpp" />
    <ClCompile Include="Utils\PrimitiveGenerator.cpp" />
    <ClCompile Include="Utils\PropertyDrawer.cpp" />
    <ClCompile Include="UnitTests\Serialization\SerializationTests.cpp" />
    <ClCompile Include="Libraries\glad\src\glad.c" />
    <ClCompile Include="Libraries\tinyfiledialogs\tinyfiledialogs.c" />
    <ClCompile Include="OpenGLHelpers\Lights\OpenGLDirectionalLight.cpp" />
    <ClCompile Include="OpenGLHelpers\Lights\OpenGLLight.cpp" />
    <ClCompile Include="OpenGLHelpers\Lights\OpenGLPointLight.cpp" />
    <ClCompile Include="OpenGLHelpers\Lights\OpenGLSpotLight.cpp" />
    <ClCompile Include="OpenGLHelpers\OpenGLFramebuffer.cpp" />
    <ClCompile Include="OpenGLHelpers\OpenGLPrimitive.cpp" />
    <ClCompile Include="OpenGLHelpers\OpenGLPrimitiveManager.cpp" />
    <ClCompile Include="OpenGLHelpers\OpenGLRenderbuffer.cpp" />
    <ClCompile Include="OpenGLHelpers\OpenGLTexture.cpp" />
    <ClCompile Include="OpenGLHelpers\OpenGLUniformVariable.cpp" />
    <ClCompile Include="OpenGLHelpers\ShadowMaps\OmnidirectionalLightShadowMap.cpp" />
    <ClCompile Include="OpenGLHelpers\ShadowMaps\UnidirectionalLightShadowMap.cpp" />
    <ClCompile Include="Serialization\Serializers.h" />
    <ClCompile Include="Utils\SceneLoader.cpp" />
  </ItemGroup>
  <ItemGroup>
    <Filter Include="Libraries">
      <UniqueIdentifier>{98614a9b-a6e5-46ad-988f-d5328e759c08}</UniqueIdentifier>
    </Filter>
    <Filter Include="Libraries\glad">
      <UniqueIdentifier>{b13a3f9e-0c4c-48d0-ab70-60e8220bfc53}</UniqueIdentifier>
    </Filter>
    <Filter Include="Libraries\glad\include">
      <UniqueIdentifier>{269a7c91-5864-4342-8c22-a83bfd4572fa}</UniqueIdentifier>
    </Filter>
    <Filter Include="Libraries\glad\include\glad">
      <UniqueIdentifier>{e7160ece-325a-4060-bebd-33f499ec0751}</UniqueIdentifier>
    </Filter>
    <Filter Include="Libraries\glad\src">
      <UniqueIdentifier>{77e64271-f1aa-42b2-b282-00a337331012}</UniqueIdentifier>
    </Filter>
    <Filter Include="Libraries\imgui">
      <UniqueIdentifier>{357caeeb-a36d-4c7e-8449-38dd46ad58f5}</UniqueIdentifier>
    </Filter>
    <Filter Include="Libraries\imgui\backends">
      <UniqueIdentifier>{6dce1b46-3034-4e1d-b02c-b5c5e61ffb13}</UniqueIdentifier>
    </Filter>
    <Filter Include="Libraries\imgui\misc">
      <UniqueIdentifier>{49da39f7-9cb7-45bc-a157-7b130657ff61}</UniqueIdentifier>
    </Filter>
    <Filter Include="Libraries\imgui\misc\cpp">
      <UniqueIdentifier>{0b5d498c-0bd7-4356-8935-e6d8c796c30c}</UniqueIdentifier>
    </Filter>
    <Filter Include="Libraries\imgui\misc\debuggers">
      <UniqueIdentifier>{0f60cba7-1401-4d7c-870c-5330e297a0b9}</UniqueIdentifier>
    </Filter>
    <Filter Include="Libraries\tinyfiledialogs">
      <UniqueIdentifier>{5fcf6cb8-0076-41e9-aaa9-23354cebc42d}</UniqueIdentifier>
    </Filter>
    <Filter Include="Application">
      <UniqueIdentifier>{952b07bd-cf07-4157-893e-cc8f02913294}</UniqueIdentifier>
    </Filter>
    <Filter Include="Scene">
      <UniqueIdentifier>{f1fbb9f2-e00c-449d-993c-23abac006a55}</UniqueIdentifier>
    </Filter>
    <Filter Include="Application\Window">
      <UniqueIdentifier>{adc49387-cbf4-4956-adf1-e6e778679e83}</UniqueIdentifier>
    </Filter>
  </ItemGroup>
  <ItemGroup>
    <ClInclude Include="..\..\ModelingEngine\ModelingEngine\ModelingEngine\Libraries\tinyfiledialogs\tinyfiledialogs.h">
      <Filter>Libraries\tinyfiledialogs</Filter>
    </ClInclude>
    <ClInclude Include="Application\ApplicationManager.h">
      <Filter>Application</Filter>
    </ClInclude>
    <ClInclude Include="Application\GlfwWindow.h">
      <Filter>Application</Filter>
    </ClInclude>
    <ClInclude Include="Application\WindowManager.h">
      <Filter>Application</Filter>
    </ClInclude>
    <ClInclude Include="Libraries\imgui-docking\backends\imgui_impl_glfw.h">
      <Filter>Libraries\imgui\backends</Filter>
    </ClInclude>
    <ClInclude Include="Libraries\imgui-docking\backends\imgui_impl_opengl3.h">
      <Filter>Libraries\imgui\backends</Filter>
    </ClInclude>
    <ClInclude Include="Libraries\imgui-docking\misc\cpp\imgui_stdlib.h">
      <Filter>Libraries\imgui\misc\cpp</Filter>
    </ClInclude>
    <ClInclude Include="Libraries\imgui-docking\imconfig.h">
      <Filter>Libraries\imgui</Filter>
    </ClInclude>
    <ClInclude Include="Libraries\imgui-docking\imgui.h">
      <Filter>Libraries\imgui</Filter>
    </ClInclude>
    <ClInclude Include="Libraries\imgui-docking\imgui_internal.h">
      <Filter>Libraries\imgui</Filter>
    </ClInclude>
    <ClInclude Include="Libraries\imgui-docking\imstb_rectpack.h">
      <Filter>Libraries\imgui</Filter>
    </ClInclude>
    <ClInclude Include="Libraries\imgui-docking\imstb_textedit.h">
      <Filter>Libraries\imgui</Filter>
    </ClInclude>
    <ClInclude Include="Libraries\imgui-docking\imstb_truetype.h">
      <Filter>Libraries\imgui</Filter>
    </ClInclude>
    <ClInclude Include="Application\Window\Window.h">
      <Filter>Application\Window</Filter>
    </ClInclude>
    <ClInclude Include="Application\Window\HierarchyWindow.h">
      <Filter>Application\Window</Filter>
    </ClInclude>
    <ClInclude Include="Application\Window\InspectorWindow.h">
      <Filter>Application\Window</Filter>
    </ClInclude>
    <ClInclude Include="Application\Window\SceneViewWindow.h">
      <Filter>Application\Window</Filter>
    </ClInclude>
    <ClInclude Include="Application\ShaderLoader.h" />
    <ClInclude Include="Application\InputManager.h" />
    <ClInclude Include="Application\Window\SceneViewCamera.h" />
    <ClInclude Include="Libraries\catch\catch_amalgamated.hpp" />
    <ClInclude Include="OpenGLHelpers\OpenGLLightContainer.h" />
    <ClInclude Include="OpenGLHelpers\OpenGLRenderer.h" />
    <ClInclude Include="OpenGLHelpers\OpenGLShader.h" />
    <ClInclude Include="Scene\Components\OpenGLSettingsComponent.h" />
    <ClInclude Include="Scene\Components\Component.h" />
    <ClInclude Include="Scene\Components\DirectionalLightComponent.h" />
    <ClInclude Include="Scene\Components\MaterialComponent.h" />
    <ClInclude Include="Scene\Components\PointLightComponent.h" />
    <ClInclude Include="Scene\Components\PrimitiveComponent.h" />
    <ClInclude Include="Scene\Components\SpotLightComponent.h" />
    <ClInclude Include="Scene\Components\TransformComponent.h" />
    <ClInclude Include="Scene\Object.h" />
    <ClInclude Include="Scene\SceneHierarchy.h" />
    <ClInclude Include="Scene\SceneNode\SceneNode.h" />
    <ClInclude Include="Scene\SceneNode\SceneNodeGenerator.h" />
    <ClInclude Include="Utils\LazyValue.h" />
    <ClInclude Include="Utils\EnumLabels\EnumLabel.h" />
    <ClInclude Include="Utils\PrimitiveGenerator.h" />
    <ClInclude Include="Utils\PropertyDrawer.h" />
    <ClInclude Include="Scene\Components\ComponentIncludes.h" />
    <ClInclude Include="Libraries\glad\include\glad\glad.h" />
    <ClInclude Include="Libraries\glad\include\KHR\khrplatform.h" />
    <ClInclude Include="Libraries\stb\stb_image.h" />
    <ClInclude Include="Libraries\stb\stb_image_write.h" />
    <ClInclude Include="Libraries\tinyfiledialogs\tinyfiledialogs.h" />
    <ClInclude Include="Libraries\tinyobjloader\tiny_obj_loader.h" />
    <ClInclude Include="OpenGLHelpers\Lights\OpenGLDirectionalLight.h" />
    <ClInclude Include="OpenGLHelpers\Lights\OpenGLLight.h" />
    <ClInclude Include="OpenGLHelpers\Lights\OpenGLPointLight.h" />
    <ClInclude Include="OpenGLHelpers\Lights\OpenGLSpotLight.h" />
    <ClInclude Include="OpenGLHelpers\OpenGLFramebuffer.h" />
    <ClInclude Include="OpenGLHelpers\OpenGLPrimitive.h" />
    <ClInclude Include="OpenGLHelpers\OpenGLPrimitiveManager.h" />
    <ClInclude Include="OpenGLHelpers\OpenGLRenderbuffer.h" />
    <ClInclude Include="OpenGLHelpers\OpenGLTexture.h" />
    <ClInclude Include="OpenGLHelpers\OpenGLUniformVariable.h" />
    <ClInclude Include="OpenGLHelpers\ShadowMaps\OmnidirectionalLightShadowMap.h" />
    <ClInclude Include="OpenGLHelpers\ShadowMaps\UnidirectionalLightShadowMap.h" />
    <ClInclude Include="OpenGLHelpers\ShadowMaps\ShadowMap.h" />
    <ClInclude Include="Serialization\ComponentSerializer.h" />
    <ClInclude Include="Serialization\DataBindingSerializer.h" />
    <ClInclude Include="Serialization\GLMSerializers.h" />
    <ClInclude Include="Utils\SceneLoader.h" />
  </ItemGroup>
  <ItemGroup>
    <None Include="Libraries\imgui-docking\misc\debuggers\imgui.natstepfilter">
      <Filter>Libraries\imgui\misc\debuggers</Filter>
    </None>
  </ItemGroup>
  <ItemGroup>
    <Natvis Include="Libraries\imgui-docking\misc\debuggers\imgui.natvis">
      <Filter>Libraries\imgui\misc\debuggers</Filter>
    </Natvis>
  </ItemGroup>
</Project>